
Microsoft Visual Studio Solution File, Format Version 12.00
# Visual Studio Version 16
VisualStudioVersion = 16.0.30907.101
MinimumVisualStudioVersion = 10.0.40219.1
Project("{9A19103F-16F7-4668-BE54-9A1E7A4F7556}") = "Pente", "Pente\Pente.csproj", "{D77AE9EB-1557-4EE9-B7BC-CA00B89CF73A}"
EndProject
Project("{2150E333-8FDC-42A3-9474-1A3956D46DE8}") = "Solution Items", "Solution Items", "{BF980F2E-8FCB-4F8F-BA3A-2F4D4D15904C}"
EndProject
Project("{FAE04EC0-301F-11D3-BF4B-00C04F79EFBC}") = "Pente.NUnitTest", "Pente.NUnitTest\Pente.NUnitTest.csproj", "{6C2F74EA-4099-4F05-A9A8-39F4385B45E2}"
EndProject
Global
	GlobalSection(SolutionConfigurationPlatforms) = preSolution
		Debug|Any CPU = Debug|Any CPU
		Release|Any CPU = Release|Any CPU
	EndGlobalSection
	GlobalSection(ProjectConfigurationPlatforms) = postSolution
		{D77AE9EB-1557-4EE9-B7BC-CA00B89CF73A}.Debug|Any CPU.ActiveCfg = Debug|Any CPU
		{D77AE9EB-1557-4EE9-B7BC-CA00B89CF73A}.Debug|Any CPU.Build.0 = Debug|Any CPU
		{D77AE9EB-1557-4EE9-B7BC-CA00B89CF73A}.Release|Any CPU.ActiveCfg = Release|Any CPU
		{D77AE9EB-1557-4EE9-B7BC-CA00B89CF73A}.Release|Any CPU.Build.0 = Release|Any CPU
		{6C2F74EA-4099-4F05-A9A8-39F4385B45E2}.Debug|Any CPU.ActiveCfg = Debug|Any CPU
		{6C2F74EA-4099-4F05-A9A8-39F4385B45E2}.Debug|Any CPU.Build.0 = Debug|Any CPU
		{6C2F74EA-4099-4F05-A9A8-39F4385B45E2}.Release|Any CPU.ActiveCfg = Release|Any CPU
		{6C2F74EA-4099-4F05-A9A8-39F4385B45E2}.Release|Any CPU.Build.0 = Release|Any CPU
	EndGlobalSection
	GlobalSection(SolutionProperties) = preSolution
		HideSolutionNode = FALSE
	EndGlobalSection
	GlobalSection(ExtensibilityGlobals) = postSolution
		SolutionGuid = {513DD88F-3D6A-499F-BF47-95E573C8CC22}
	EndGlobalSection
EndGlobal
